
Microsoft Visual Studio Solution File, Format Version 12.00
# Visual Studio Version 17
VisualStudioVersion = 17.6.33829.357
MinimumVisualStudioVersion = 10.0.40219.1
Project("{FAE04EC0-301F-11D3-BF4B-00C04F79EFBC}") = "InicioSesion", "InicioSesion.csproj", "{F7A9BD07-0938-46C6-8DF8-1A3419F50654}"
EndProject
Global
	GlobalSection(SolutionConfigurationPlatforms) = preSolution
		Debug|Any CPU = Debug|Any CPU
		Release|Any CPU = Release|Any CPU
	EndGlobalSection
	GlobalSection(ProjectConfigurationPlatforms) = postSolution
		{F7A9BD07-0938-46C6-8DF8-1A3419F50654}.Debug|Any CPU.ActiveCfg = Debug|Any CPU
		{F7A9BD07-0938-46C6-8DF8-1A3419F50654}.Debug|Any CPU.Build.0 = Debug|Any CPU
		{F7A9BD07-0938-46C6-8DF8-1A3419F50654}.Release|Any CPU.ActiveCfg = Release|Any CPU
		{F7A9BD07-0938-46C6-8DF8-1A3419F50654}.Release|Any CPU.Build.0 = Release|Any CPU
	EndGlobalSection
	GlobalSection(SolutionProperties) = preSolution
		HideSolutionNode = FALSE
	EndGlobalSection
	GlobalSection(ExtensibilityGlobals) = postSolution
		SolutionGuid = {EFC4B55E-DFCE-4D73-9C1D-E02CBBA374FD}
	EndGlobalSection
EndGlobal
